
Microsoft Visual Studio Solution File, Format Version 10.00
# Visual Studio 2008
Project("{FAE04EC0-301F-11D3-BF4B-00C04F79EFBC}") = "QX.UI", "QX.UI\QX.UI.csproj", "{A1C23BAC-A622-49E3-B05B-146130F4488F}"
EndProject
Project("{FAE04EC0-301F-11D3-BF4B-00C04F79EFBC}") = "QX.HtmlHelperLib", "HtmlHelper\QX.HtmlHelperLib.csproj", "{CA9ABAAA-9507-498D-88AB-981FAADFA4F9}"
EndProject
Project("{FAE04EC0-301F-11D3-BF4B-00C04F79EFBC}") = "QX.Cache", "QX.Cache\QX.Cache.csproj", "{04A4247C-6631-480F-848F-1CB3D88D2596}"
EndProject
Project("{FAE04EC0-301F-11D3-BF4B-00C04F79EFBC}") = "QX.Comm", "QX.Comm\QX.Comm.csproj", "{FCB48BE6-4E65-48FE-BFB1-C27E5528D311}"
EndProject
Project("{FAE04EC0-301F-11D3-BF4B-00C04F79EFBC}") = "QX.Control", "QX.Control\QX.Control.csproj", "{EA0BE48E-2383-4EA3-9204-61A8EAE1C976}"
EndProject
Project("{FAE04EC0-301F-11D3-BF4B-00C04F79EFBC}") = "QX.Controller", "QX.Controler\QX.Controller.csproj", "{96FC2432-BEAC-4511-84AE-287D6BAE058E}"
EndProject
Project("{FAE04EC0-301F-11D3-BF4B-00C04F79EFBC}") = "QX.DAL", "QX.DAL\QX.DAL.csproj", "{3C48CD74-EDC7-4945-8624-53CE5222B422}"
EndProject
Project("{FAE04EC0-301F-11D3-BF4B-00C04F79EFBC}") = "QX.AOP", "QX.Event\QX.AOP.csproj", "{8DC667DB-2B77-4A81-9B63-829BCE43C603}"
EndProject
Project("{FAE04EC0-301F-11D3-BF4B-00C04F79EFBC}") = "QX.Log", "QX.Log\QX.Log.csproj", "{1C128DB1-7EFC-4BE0-B981-7F98CB171C42}"
EndProject
Project("{FAE04EC0-301F-11D3-BF4B-00C04F79EFBC}") = "QX.BLL", "QX.BLL\QX.BLL.csproj", "{C9C96B92-850E-4188-9206-282C63BEDFDB}"
EndProject
Project("{FAE04EC0-301F-11D3-BF4B-00C04F79EFBC}") = "QX.Model", "QX.Model\QX.Model.csproj", "{AF56D9AE-6251-4C2F-9397-DB011BC274CB}"
EndProject
Project("{FAE04EC0-301F-11D3-BF4B-00C04F79EFBC}") = "QX.Config", "QX.Config\QX.Config.csproj", "{9B85B99A-7A14-46FF-9C58-DB2CD1A3D618}"
EndProject
Project("{2150E333-8FDC-42A3-9474-1A3956D46DE8}") = "Data", "Data", "{D723E223-A630-4DC1-AD4F-A6B75F76B873}"
EndProject
Project("{2150E333-8FDC-42A3-9474-1A3956D46DE8}") = "Config", "Config", "{422535B9-6E9E-4EAA-8DE8-9590E6498A4B}"
EndProject
Project("{2150E333-8FDC-42A3-9474-1A3956D46DE8}") = "Comm", "Comm", "{F99D9299-AC69-4F47-AC7A-806A5F34C21F}"
EndProject
Project("{FAE04EC0-301F-11D3-BF4B-00C04F79EFBC}") = "QX.ERP.Dal", "QX.ERP.Dal\QX.ERP.Dal.csproj", "{4A897BAE-5565-4131-ABB2-12CAA6AC8150}"
EndProject
Project("{FAE04EC0-301F-11D3-BF4B-00C04F79EFBC}") = "QX.DeskConfig", "QX.DeskConfig\QX.DeskConfig.csproj", "{DC0618CD-2F7E-476F-8A4C-537283ED9120}"
EndProject
Project("{FAE04EC0-301F-11D3-BF4B-00C04F79EFBC}") = "QX.MenuHelper", "QX.MenuHelper\QX.MenuHelper.csproj", "{8EA65D3A-908F-4E4E-B15D-DFBF98732775}"
EndProject
Project("{FAE04EC0-301F-11D3-BF4B-00C04F79EFBC}") = "QX.Permission", "QX.Permission\QX.Permission.csproj", "{7630AD24-F23F-4431-BE41-42B50FD6C99A}"
EndProject
Global
	GlobalSection(SolutionConfigurationPlatforms) = preSolution
		Debug|Any CPU = Debug|Any CPU
		Release|Any CPU = Release|Any CPU
	EndGlobalSection
	GlobalSection(ProjectConfigurationPlatforms) = postSolution
		{A1C23BAC-A622-49E3-B05B-146130F4488F}.Debug|Any CPU.ActiveCfg = Debug|Any CPU
		{A1C23BAC-A622-49E3-B05B-146130F4488F}.Debug|Any CPU.Build.0 = Debug|Any CPU
		{A1C23BAC-A622-49E3-B05B-146130F4488F}.Release|Any CPU.ActiveCfg = Release|Any CPU
		{A1C23BAC-A622-49E3-B05B-146130F4488F}.Release|Any CPU.Build.0 = Release|Any CPU
		{CA9ABAAA-9507-498D-88AB-981FAADFA4F9}.Debug|Any CPU.ActiveCfg = Debug|Any CPU
		{CA9ABAAA-9507-498D-88AB-981FAADFA4F9}.Debug|Any CPU.Build.0 = Debug|Any CPU
		{CA9ABAAA-9507-498D-88AB-981FAADFA4F9}.Release|Any CPU.ActiveCfg = Release|Any CPU
		{CA9ABAAA-9507-498D-88AB-981FAADFA4F9}.Release|Any CPU.Build.0 = Release|Any CPU
		{04A4247C-6631-480F-848F-1CB3D88D2596}.Debug|Any CPU.ActiveCfg = Debug|Any CPU
		{04A4247C-6631-480F-848F-1CB3D88D2596}.Debug|Any CPU.Build.0 = Debug|Any CPU
		{04A4247C-6631-480F-848F-1CB3D88D2596}.Release|Any CPU.ActiveCfg = Release|Any CPU
		{04A4247C-6631-480F-848F-1CB3D88D2596}.Release|Any CPU.Build.0 = Release|Any CPU
		{FCB48BE6-4E65-48FE-BFB1-C27E5528D311}.Debug|Any CPU.ActiveCfg = Debug|Any CPU
		{FCB48BE6-4E65-48FE-BFB1-C27E5528D311}.Debug|Any CPU.Build.0 = Debug|Any CPU
		{FCB48BE6-4E65-48FE-BFB1-C27E5528D311}.Release|Any CPU.ActiveCfg = Release|Any CPU
		{FCB48BE6-4E65-48FE-BFB1-C27E5528D311}.Release|Any CPU.Build.0 = Release|Any CPU
		{EA0BE48E-2383-4EA3-9204-61A8EAE1C976}.Debug|Any CPU.ActiveCfg = Debug|Any CPU
		{EA0BE48E-2383-4EA3-9204-61A8EAE1C976}.Debug|Any CPU.Build.0 = Debug|Any CPU
		{EA0BE48E-2383-4EA3-9204-61A8EAE1C976}.Release|Any CPU.ActiveCfg = Release|Any CPU
		{EA0BE48E-2383-4EA3-9204-61A8EAE1C976}.Release|Any CPU.Build.0 = Release|Any CPU
		{96FC2432-BEAC-4511-84AE-287D6BAE058E}.Debug|Any CPU.ActiveCfg = Debug|Any CPU
		{96FC2432-BEAC-4511-84AE-287D6BAE058E}.Debug|Any CPU.Build.0 = Debug|Any CPU
		{96FC2432-BEAC-4511-84AE-287D6BAE058E}.Release|Any CPU.ActiveCfg = Release|Any CPU
		{96FC2432-BEAC-4511-84AE-287D6BAE058E}.Release|Any CPU.Build.0 = Release|Any CPU
		{3C48CD74-EDC7-4945-8624-53CE5222B422}.Debug|Any CPU.ActiveCfg = Debug|Any CPU
		{3C48CD74-EDC7-4945-8624-53CE5222B422}.Debug|Any CPU.Build.0 = Debug|Any CPU
		{3C48CD74-EDC7-4945-8624-53CE5222B422}.Release|Any CPU.ActiveCfg = Release|Any CPU
		{3C48CD74-EDC7-4945-8624-53CE5222B422}.Release|Any CPU.Build.0 = Release|Any CPU
		{8DC667DB-2B77-4A81-9B63-829BCE43C603}.Debug|Any CPU.ActiveCfg = Debug|Any CPU
		{8DC667DB-2B77-4A81-9B63-829BCE43C603}.Debug|Any CPU.Build.0 = Debug|Any CPU
		{8DC667DB-2B77-4A81-9B63-829BCE43C603}.Release|Any CPU.ActiveCfg = Release|Any CPU
		{8DC667DB-2B77-4A81-9B63-829BCE43C603}.Release|Any CPU.Build.0 = Release|Any CPU
		{1C128DB1-7EFC-4BE0-B981-7F98CB171C42}.Debug|Any CPU.ActiveCfg = Debug|Any CPU
		{1C128DB1-7EFC-4BE0-B981-7F98CB171C42}.Debug|Any CPU.Build.0 = Debug|Any CPU
		{1C128DB1-7EFC-4BE0-B981-7F98CB171C42}.Release|Any CPU.ActiveCfg = Release|Any CPU
		{1C128DB1-7EFC-4BE0-B981-7F98CB171C42}.Release|Any CPU.Build.0 = Release|Any CPU
		{C9C96B92-850E-4188-9206-282C63BEDFDB}.Debug|Any CPU.ActiveCfg = Debug|Any CPU
		{C9C96B92-850E-4188-9206-282C63BEDFDB}.Debug|Any CPU.Build.0 = Debug|Any CPU
		{C9C96B92-850E-4188-9206-282C63BEDFDB}.Release|Any CPU.ActiveCfg = Release|Any CPU
		{C9C96B92-850E-4188-9206-282C63BEDFDB}.Release|Any CPU.Build.0 = Release|Any CPU
		{AF56D9AE-6251-4C2F-9397-DB011BC274CB}.Debug|Any CPU.ActiveCfg = Debug|Any CPU
		{AF56D9AE-6251-4C2F-9397-DB011BC274CB}.Debug|Any CPU.Build.0 = Debug|Any CPU
		{AF56D9AE-6251-4C2F-9397-DB011BC274CB}.Release|Any CPU.ActiveCfg = Release|Any CPU
		{AF56D9AE-6251-4C2F-9397-DB011BC274CB}.Release|Any CPU.Build.0 = Release|Any CPU
		{9B85B99A-7A14-46FF-9C58-DB2CD1A3D618}.Debug|Any CPU.ActiveCfg = Debug|Any CPU
		{9B85B99A-7A14-46FF-9C58-DB2CD1A3D618}.Debug|Any CPU.Build.0 = Debug|Any CPU
		{9B85B99A-7A14-46FF-9C58-DB2CD1A3D618}.Release|Any CPU.ActiveCfg = Release|Any CPU
		{9B85B99A-7A14-46FF-9C58-DB2CD1A3D618}.Release|Any CPU.Build.0 = Release|Any CPU
		{4A897BAE-5565-4131-ABB2-12CAA6AC8150}.Debug|Any CPU.ActiveCfg = Debug|Any CPU
		{4A897BAE-5565-4131-ABB2-12CAA6AC8150}.Debug|Any CPU.Build.0 = Debug|Any CPU
		{4A897BAE-5565-4131-ABB2-12CAA6AC8150}.Release|Any CPU.ActiveCfg = Release|Any CPU
		{4A897BAE-5565-4131-ABB2-12CAA6AC8150}.Release|Any CPU.Build.0 = Release|Any CPU
		{DC0618CD-2F7E-476F-8A4C-537283ED9120}.Debug|Any CPU.ActiveCfg = Debug|Any CPU
		{DC0618CD-2F7E-476F-8A4C-537283ED9120}.Debug|Any CPU.Build.0 = Debug|Any CPU
		{DC0618CD-2F7E-476F-8A4C-537283ED9120}.Release|Any CPU.ActiveCfg = Release|Any CPU
		{DC0618CD-2F7E-476F-8A4C-537283ED9120}.Release|Any CPU.Build.0 = Release|Any CPU
		{8EA65D3A-908F-4E4E-B15D-DFBF98732775}.Debug|Any CPU.ActiveCfg = Debug|Any CPU
		{8EA65D3A-908F-4E4E-B15D-DFBF98732775}.Debug|Any CPU.Build.0 = Debug|Any CPU
		{8EA65D3A-908F-4E4E-B15D-DFBF98732775}.Release|Any CPU.ActiveCfg = Release|Any CPU
		{8EA65D3A-908F-4E4E-B15D-DFBF98732775}.Release|Any CPU.Build.0 = Release|Any CPU
		{7630AD24-F23F-4431-BE41-42B50FD6C99A}.Debug|Any CPU.ActiveCfg = Debug|Any CPU
		{7630AD24-F23F-4431-BE41-42B50FD6C99A}.Debug|Any CPU.Build.0 = Debug|Any CPU
		{7630AD24-F23F-4431-BE41-42B50FD6C99A}.Release|Any CPU.ActiveCfg = Release|Any CPU
		{7630AD24-F23F-4431-BE41-42B50FD6C99A}.Release|Any CPU.Build.0 = Release|Any CPU
	EndGlobalSection
	GlobalSection(SolutionProperties) = preSolution
		HideSolutionNode = FALSE
	EndGlobalSection
	GlobalSection(NestedProjects) = preSolution
		{8DC667DB-2B77-4A81-9B63-829BCE43C603} = {422535B9-6E9E-4EAA-8DE8-9590E6498A4B}
		{9B85B99A-7A14-46FF-9C58-DB2CD1A3D618} = {422535B9-6E9E-4EAA-8DE8-9590E6498A4B}
		{CA9ABAAA-9507-498D-88AB-981FAADFA4F9} = {422535B9-6E9E-4EAA-8DE8-9590E6498A4B}
		{DC0618CD-2F7E-476F-8A4C-537283ED9120} = {422535B9-6E9E-4EAA-8DE8-9590E6498A4B}
		{8EA65D3A-908F-4E4E-B15D-DFBF98732775} = {422535B9-6E9E-4EAA-8DE8-9590E6498A4B}
		{7630AD24-F23F-4431-BE41-42B50FD6C99A} = {422535B9-6E9E-4EAA-8DE8-9590E6498A4B}
		{FCB48BE6-4E65-48FE-BFB1-C27E5528D311} = {F99D9299-AC69-4F47-AC7A-806A5F34C21F}
		{EA0BE48E-2383-4EA3-9204-61A8EAE1C976} = {F99D9299-AC69-4F47-AC7A-806A5F34C21F}
		{1C128DB1-7EFC-4BE0-B981-7F98CB171C42} = {F99D9299-AC69-4F47-AC7A-806A5F34C21F}
		{04A4247C-6631-480F-848F-1CB3D88D2596} = {F99D9299-AC69-4F47-AC7A-806A5F34C21F}
		{AF56D9AE-6251-4C2F-9397-DB011BC274CB} = {D723E223-A630-4DC1-AD4F-A6B75F76B873}
		{3C48CD74-EDC7-4945-8624-53CE5222B422} = {D723E223-A630-4DC1-AD4F-A6B75F76B873}
		{4A897BAE-5565-4131-ABB2-12CAA6AC8150} = {D723E223-A630-4DC1-AD4F-A6B75F76B873}
	EndGlobalSection
	GlobalSection(PowerDesigner) = preSolution
		HasSWS = 1
	EndGlobalSection
EndGlobal
